
Microsoft Visual Studio Solution File, Format Version 12.00
# Visual Studio Version 16
VisualStudioVersion = 16.0.30114.105
MinimumVisualStudioVersion = 10.0.40219.1
Project("{FAE04EC0-301F-11D3-BF4B-00C04F79EFBC}") = "Eszter_2020.05.25", "Eszter_2020.05.25\Eszter_2020.05.25.csproj", "{DDF7E2B2-CC09-4A6F-B0F1-5AB6C50F1802}"
EndProject
Global
	GlobalSection(SolutionConfigurationPlatforms) = preSolution
		Debug|Any CPU = Debug|Any CPU
		Release|Any CPU = Release|Any CPU
	EndGlobalSection
	GlobalSection(ProjectConfigurationPlatforms) = postSolution
		{DDF7E2B2-CC09-4A6F-B0F1-5AB6C50F1802}.Debug|Any CPU.ActiveCfg = Debug|Any CPU
		{DDF7E2B2-CC09-4A6F-B0F1-5AB6C50F1802}.Debug|Any CPU.Build.0 = Debug|Any CPU
		{DDF7E2B2-CC09-4A6F-B0F1-5AB6C50F1802}.Release|Any CPU.ActiveCfg = Release|Any CPU
		{DDF7E2B2-CC09-4A6F-B0F1-5AB6C50F1802}.Release|Any CPU.Build.0 = Release|Any CPU
	EndGlobalSection
	GlobalSection(SolutionProperties) = preSolution
		HideSolutionNode = FALSE
	EndGlobalSection
	GlobalSection(ExtensibilityGlobals) = postSolution
		SolutionGuid = {1629F6D3-2A75-4F8D-952C-08344937BF39}
	EndGlobalSection
EndGlobal
